# THIS IS AN AUTOGENERATED FILE. DO NOT EDIT THIS FILE DIRECTLY.
# yarn lockfile v1


builtin-modules@^3.0.0:
  version "3.1.0"
  resolved "https://registry.yarnpkg.com/builtin-modules/-/builtin-modules-3.1.0.tgz#aad97c15131eb76b65b50ef208e7584cd76a7484"
  integrity sha512-k0KL0aWZuBt2lrxrcASWDfwOLMnodeQjodT/1SxEQAXsHANgo6ZC/VEaSEHCXt7aSTZ4/4H5LKa+tBXmW7Vtvw==

detect-newline@^2.1.0:
  version "2.1.0"
  resolved "https://registry.yarnpkg.com/detect-newline/-/detect-newline-2.1.0.tgz#f41f1c10be4b00e87b5f13da680759f2c5bfd3e2"
  integrity sha1-9B8cEL5LAOh7XxPaaAdZ8sW/0+I=

import-sort-parser@^6.0.0:
  version "6.0.0"
  resolved "https://registry.yarnpkg.com/import-sort-parser/-/import-sort-parser-6.0.0.tgz#0d901f264d98ed7caaae71f66128a686f828f2f4"
  integrity sha512-H5L+d6HnqHvThB0GmAA3/43Sv74oCwL0iMk3/ixOv0LRJ69rCyHXeG/+UadMHrD2FefEmgPIWboEPAG7gsQrkA==

import-sort-style@^6.0.0:
  version "6.0.0"
  resolved "https://registry.yarnpkg.com/import-sort-style/-/import-sort-style-6.0.0.tgz#088523f056e5064c34a6426f4733674d81b42e6a"
  integrity sha512-z0H5PKs7YoDeKxNYXv2AA1mjjZFY07fjeNCXUdTM3ymJtWeeEoTm8CQkFm2l+KPZoMczIvdwzJpWkkOamBnsPw==

import-sort@^6.0.0:
  version "6.0.0"
  resolved "https://registry.yarnpkg.com/import-sort/-/import-sort-6.0.0.tgz#48ba2a7b53f2566ca1dd004327ea271321ad64ff"
  integrity sha512-XUwSQMGAGmcW/wfshFE0gXgb1NPF6ibbQD6wDr3KRDykZf/lZj0jf58Bwa02xNb8EE59oz7etFe9OHnJocUW5Q==
  dependencies:
    detect-newline "^2.1.0"
    import-sort-parser "^6.0.0"
    import-sort-style "^6.0.0"
    is-builtin-module "^3.0.0"
    resolve "^1.8.1"

is-builtin-module@^3.0.0:
  version "3.0.0"
  resolved "https://registry.yarnpkg.com/is-builtin-module/-/is-builtin-module-3.0.0.tgz#137d3d2425023a19a660fb9dd6ddfabe52c03466"
  integrity sha512-/93sDihsAD652hrMEbJGbMAVBf1qc96kyThHQ0CAOONHaE3aROLpTjDe4WQ5aoC5ITHFxEq1z8XqSU7km+8amw==
  dependencies:
    builtin-modules "^3.0.0"

path-parse@^1.0.6:
  version "1.0.6"
  resolved "https://registry.yarnpkg.com/path-parse/-/path-parse-1.0.6.tgz#d62dbb5679405d72c4737ec58600e9ddcf06d24c"
  integrity sha512-GSmOT2EbHrINBf9SR7CDELwlJ8AENk3Qn7OikK4nFYAu3Ote2+JYNVvkpAEQm3/TLNEJFD/xZJjzyxg3KBWOzw==

resolve@^1.8.1:
  version "1.17.0"
  resolved "https://registry.yarnpkg.com/resolve/-/resolve-1.17.0.tgz#b25941b54968231cc2d1bb76a79cb7f2c0bf8444"
  integrity sha512-ic+7JYiV8Vi2yzQGFWOkiZD5Z9z7O2Zhm9XMaTxdJExKasieFCr+yXZ/WmXsckHiKl12ar0y6XiXDx3m4RHn1w==
  dependencies:
    path-parse "^1.0.6"
